
Microsoft Visual Studio Solution File, Format Version 12.00
# Visual Studio 15
VisualStudioVersion = 15.0.27428.2043
MinimumVisualStudioVersion = 10.0.40219.1
Project("{8BC9CEB8-8B4A-11D0-8D11-00A0C91BC942}") = "Moris", "Moris\Moris.vcxproj", "{A0702D3C-7E3C-4DDC-87A4-C11003A7BFE8}"
EndProject
Global
	GlobalSection(SolutionConfigurationPlatforms) = preSolution
		Debug|x64 = Debug|x64
		Debug|x86 = Debug|x86
		Release|x64 = Release|x64
		Release|x86 = Release|x86
	EndGlobalSection
	GlobalSection(ProjectConfigurationPlatforms) = postSolution
		{A0702D3C-7E3C-4DDC-87A4-C11003A7BFE8}.Debug|x64.ActiveCfg = Debug|x64
		{A0702D3C-7E3C-4DDC-87A4-C11003A7BFE8}.Debug|x64.Build.0 = Debug|x64
		{A0702D3C-7E3C-4DDC-87A4-C11003A7BFE8}.Debug|x86.ActiveCfg = Debug|Win32
		{A0702D3C-7E3C-4DDC-87A4-C11003A7BFE8}.Debug|x86.Build.0 = Debug|Win32
		{A0702D3C-7E3C-4DDC-87A4-C11003A7BFE8}.Release|x64.ActiveCfg = Release|x64
		{A0702D3C-7E3C-4DDC-87A4-C11003A7BFE8}.Release|x64.Build.0 = Release|x64
		{A0702D3C-7E3C-4DDC-87A4-C11003A7BFE8}.Release|x86.ActiveCfg = Release|Win32
		{A0702D3C-7E3C-4DDC-87A4-C11003A7BFE8}.Release|x86.Build.0 = Release|Win32
	EndGlobalSection
	GlobalSection(SolutionProperties) = preSolution
		HideSolutionNode = FALSE
	EndGlobalSection
	GlobalSection(ExtensibilityGlobals) = postSolution
		SolutionGuid = {024CA9E8-5556-46D2-B2BB-CA096719F7FF}
	EndGlobalSection
EndGlobal
